
Microsoft Visual Studio Solution File, Format Version 12.00
# Visual Studio Version 16
VisualStudioVersion = 16.0.32228.343
MinimumVisualStudioVersion = 10.0.40219.1
Project("{FAE04EC0-301F-11D3-BF4B-00C04F79EFBC}") = "WcfService", "WcfService\WcfService.csproj", "{C864B035-E93B-4352-9B2E-14F038123DB1}"
EndProject
Global
	GlobalSection(SolutionConfigurationPlatforms) = preSolution
		Debug|Any CPU = Debug|Any CPU
		Release|Any CPU = Release|Any CPU
	EndGlobalSection
	GlobalSection(ProjectConfigurationPlatforms) = postSolution
		{C864B035-E93B-4352-9B2E-14F038123DB1}.Debug|Any CPU.ActiveCfg = Debug|Any CPU
		{C864B035-E93B-4352-9B2E-14F038123DB1}.Debug|Any CPU.Build.0 = Debug|Any CPU
		{C864B035-E93B-4352-9B2E-14F038123DB1}.Release|Any CPU.ActiveCfg = Release|Any CPU
		{C864B035-E93B-4352-9B2E-14F038123DB1}.Release|Any CPU.Build.0 = Release|Any CPU
	EndGlobalSection
	GlobalSection(SolutionProperties) = preSolution
		HideSolutionNode = FALSE
	EndGlobalSection
	GlobalSection(ExtensibilityGlobals) = postSolution
		SolutionGuid = {5CA0B2BB-7C49-49D4-BA01-627E7EEB0F94}
	EndGlobalSection
EndGlobal
